<?xml version="1.0" encoding="utf-8"?>
<Project ToolsVersion="4.0" xmlns="http://schemas.microsoft.com/developer/msbuild/2003">
  <ItemGroup>
    <Filter Include="리소스 파일">
      <UniqueIdentifier>{67DA6AB6-F800-4c08-8B7A-83BB121AAD01}</UniqueIdentifier>
      <Extensions>rc;ico;cur;bmp;dlg;rc2;rct;bin;rgs;gif;jpg;jpeg;jpe;resx;tiff;tif;png;wav;mfcribbon-ms</Extensions>
    </Filter>
    <Filter Include="Main">
      <UniqueIdentifier>{2dabeb4e-8562-43c4-9bfc-85c68030a4d8}</UniqueIdentifier>
    </Filter>
    <Filter Include="Util">
      <UniqueIdentifier>{871995f4-ece2-4fed-8c19-8839a15349f1}</UniqueIdentifier>
    </Filter>
    <Filter Include="Scene">
      <UniqueIdentifier>{38d02944-5528-4a7a-8dea-fcf7312ed48d}</UniqueIdentifier>
    </Filter>
    <Filter Include="Object">
      <UniqueIdentifier>{4bd71a40-9510-4e4d-960a-f025966b2d9d}</UniqueIdentifier>
    </Filter>
    <Filter Include="Component">
      <UniqueIdentifier>{86b01481-5e7f-4257-aeff-a455d5021003}</UniqueIdentifier>
    </Filter>
    <Filter Include="Manager">
      <UniqueIdentifier>{13bde7ea-7b6b-4680-8df1-6edac15f0c18}</UniqueIdentifier>
    </Filter>
    <Filter Include="Component\Player">
      <UniqueIdentifier>{cf7c61de-4ee5-41dd-973b-0338e43065c1}</UniqueIdentifier>
    </Filter>
  </ItemGroup>
  <ItemGroup>
    <ClInclude Include="BasicGameFramework.h">
      <Filter>Main</Filter>
    </ClInclude>
    <ClInclude Include="Resource.h">
      <Filter>Main</Filter>
    </ClInclude>
    <ClInclude Include="framework.h">
      <Filter>Main</Filter>
    </ClInclude>
    <ClInclude Include="targetver.h">
      <Filter>Main</Filter>
    </ClInclude>
    <ClInclude Include="stdafx.h">
      <Filter>Main</Filter>
    </ClInclude>
    <ClInclude Include="Util\Type.h">
      <Filter>Util</Filter>
    </ClInclude>
    <ClInclude Include="Util\Singleton.h">
      <Filter>Util</Filter>
    </ClInclude>
    <ClInclude Include="Util\Timer.h">
      <Filter>Util</Filter>
    </ClInclude>
    <ClInclude Include="Scene\Scene.h">
      <Filter>Scene</Filter>
    </ClInclude>
    <ClInclude Include="Object\GameObject.h">
      <Filter>Object</Filter>
    </ClInclude>
    <ClInclude Include="Game.h">
      <Filter>Main</Filter>
    </ClInclude>
    <ClInclude Include="Util\Input.h">
      <Filter>Util</Filter>
    </ClInclude>
    <ClInclude Include="Component\Component.h">
      <Filter>Component</Filter>
    </ClInclude>
    <ClInclude Include="Manager\SceneManager.h">
      <Filter>Manager</Filter>
    </ClInclude>
    <ClInclude Include="Util\Macro.h">
      <Filter>Util</Filter>
    </ClInclude>
    <ClInclude Include="Util\Pivot.h">
      <Filter>Util</Filter>
    </ClInclude>
    <ClInclude Include="IBehaviour.h">
      <Filter>Main</Filter>
    </ClInclude>
    <ClInclude Include="Scene\Layer.h">
      <Filter>Scene</Filter>
    </ClInclude>
    <ClInclude Include="Scene\TempScene.h">
      <Filter>Scene</Filter>
    </ClInclude>
    <ClInclude Include="Object\Player.h">
      <Filter>Object</Filter>
    </ClInclude>
    <ClInclude Include="Component\RectComponent.h">
      <Filter>Component</Filter>
    </ClInclude>
    <ClInclude Include="Component\CircleComponent.h">
      <Filter>Component</Filter>
    </ClInclude>
    <ClInclude Include="Component\Player\PlayerMovement.h">
      <Filter>Component\Player</Filter>
    </ClInclude>
    <ClInclude Include="Object\Obstacle.h">
      <Filter>Object</Filter>
    </ClInclude>
    <ClInclude Include="Scene\TitleScene.h">
      <Filter>Scene</Filter>
    </ClInclude>
    <ClInclude Include="Object\Text.h">
      <Filter>Object</Filter>
    </ClInclude>
    <ClInclude Include="Component\TextComponent.h">
      <Filter>Component</Filter>
    </ClInclude>
  </ItemGroup>
  <ItemGroup>
    <ResourceCompile Include="BasicGameFramework.rc">
      <Filter>리소스 파일</Filter>
    </ResourceCompile>
  </ItemGroup>
  <ItemGroup>
    <Image Include="small.ico">
      <Filter>리소스 파일</Filter>
    </Image>
    <Image Include="BasicGameFramework.ico">
      <Filter>리소스 파일</Filter>
    </Image>
  </ItemGroup>
  <ItemGroup>
    <ClCompile Include="BasicGameFramework.cpp">
      <Filter>Main</Filter>
    </ClCompile>
    <ClCompile Include="stdafx.cpp">
      <Filter>Main</Filter>
    </ClCompile>
    <ClCompile Include="Util\Timer.cpp">
      <Filter>Util</Filter>
    </ClCompile>
    <ClCompile Include="Object\GameObject.cpp">
      <Filter>Object</Filter>
    </ClCompile>
    <ClCompile Include="Game.cpp">
      <Filter>Main</Filter>
    </ClCompile>
    <ClCompile Include="Util\Input.cpp">
      <Filter>Util</Filter>
    </ClCompile>
    <ClCompile Include="Component\Component.cpp">
      <Filter>Component</Filter>
    </ClCompile>
    <ClCompile Include="Scene\Scene.cpp">
      <Filter>Scene</Filter>
    </ClCompile>
    <ClCompile Include="Manager\SceneManager.cpp">
      <Filter>Manager</Filter>
    </ClCompile>
    <ClCompile Include="Util\Pivot.cpp">
      <Filter>Util</Filter>
    </ClCompile>
    <ClCompile Include="Scene\Layer.cpp">
      <Filter>Scene</Filter>
    </ClCompile>
    <ClCompile Include="Scene\TempScene.cpp">
      <Filter>Scene</Filter>
    </ClCompile>
    <ClCompile Include="Object\Player.cpp">
      <Filter>Object</Filter>
    </ClCompile>
    <ClCompile Include="Component\RectComponent.cpp">
      <Filter>Component</Filter>
    </ClCompile>
    <ClCompile Include="Component\CircleComponent.cpp">
      <Filter>Component</Filter>
    </ClCompile>
    <ClCompile Include="Component\Player\PlayerMovement.cpp">
      <Filter>Component\Player</Filter>
    </ClCompile>
    <ClCompile Include="Object\Obstacle.cpp">
      <Filter>Object</Filter>
    </ClCompile>
    <ClCompile Include="Scene\TitleScene.cpp">
      <Filter>Scene</Filter>
    </ClCompile>
    <ClCompile Include="Object\Text.cpp">
      <Filter>Object</Filter>
    </ClCompile>
    <ClCompile Include="Component\TextComponent.cpp">
      <Filter>Component</Filter>
    </ClCompile>
  </ItemGroup>
</Project>